
Microsoft Visual Studio Solution File, Format Version 12.00
# Visual Studio 15
VisualStudioVersion = 15.0.28010.2016
MinimumVisualStudioVersion = 10.0.40219.1
Project("{FAE04EC0-301F-11D3-BF4B-00C04F79EFBC}") = "PictureViewer", "PictureViewer\PictureViewer.csproj", "{7BA6B3A1-10F1-4C6D-AA7E-EF477C43698F}"
EndProject
Global
	GlobalSection(SolutionConfigurationPlatforms) = preSolution
		Debug|Any CPU = Debug|Any CPU
		Release|Any CPU = Release|Any CPU
	EndGlobalSection
	GlobalSection(ProjectConfigurationPlatforms) = postSolution
		{7BA6B3A1-10F1-4C6D-AA7E-EF477C43698F}.Debug|Any CPU.ActiveCfg = Debug|Any CPU
		{7BA6B3A1-10F1-4C6D-AA7E-EF477C43698F}.Debug|Any CPU.Build.0 = Debug|Any CPU
		{7BA6B3A1-10F1-4C6D-AA7E-EF477C43698F}.Release|Any CPU.ActiveCfg = Release|Any CPU
		{7BA6B3A1-10F1-4C6D-AA7E-EF477C43698F}.Release|Any CPU.Build.0 = Release|Any CPU
	EndGlobalSection
	GlobalSection(SolutionProperties) = preSolution
		HideSolutionNode = FALSE
	EndGlobalSection
	GlobalSection(ExtensibilityGlobals) = postSolution
		SolutionGuid = {A999FEF8-5FB4-47F2-A45B-382D8F7EACAB}
	EndGlobalSection
EndGlobal
